
Microsoft Visual Studio Solution File, Format Version 12.00
# Visual Studio 15
VisualStudioVersion = 15.0.26730.15
MinimumVisualStudioVersion = 10.0.40219.1
Project("{FAE04EC0-301F-11D3-BF4B-00C04F79EFBC}") = "Bitmischief.Meridios.SmugMug", "Bitmischief.Meridios.SmugMugClient\Bitmischief.Meridios.SmugMug.csproj", "{CBACB7D9-970F-4174-897C-64D2A94D5B84}"
EndProject
Project("{FAE04EC0-301F-11D3-BF4B-00C04F79EFBC}") = "Bitmischief.Meridios.SmugMug.Tests", "Bitmischief.Meridios.SmugMugClient.Tests\Bitmischief.Meridios.SmugMug.Tests.csproj", "{26FA13FD-847A-4AB6-9C7D-7B994CE1B552}"
EndProject
Project("{FAE04EC0-301F-11D3-BF4B-00C04F79EFBC}") = "Bitmischief.Meridios.SmugMug.InitialAuthentication", "Bitmischief.Meridios.SmugMug.InitialAuthentication\Bitmischief.Meridios.SmugMug.InitialAuthentication.csproj", "{6F52BA28-279A-4582-BC84-61C5BBA075CF}"
EndProject
Project("{FAE04EC0-301F-11D3-BF4B-00C04F79EFBC}") = "Bitmischief.Meridios.SmugMug.Entities", "Bitmischief.Meridios.SmugMug.Entities\Bitmischief.Meridios.SmugMug.Entities.csproj", "{E10D882A-406E-4A1E-9F7E-2FB4C69DB282}"
EndProject
Project("{FAE04EC0-301F-11D3-BF4B-00C04F79EFBC}") = "Bitmischief.OAuth", "Bitmischief.OAuth\Bitmischief.OAuth.csproj", "{A6263164-738C-456E-BD50-C02F77A46BCD}"
EndProject
Global
	GlobalSection(SolutionConfigurationPlatforms) = preSolution
		Debug|Any CPU = Debug|Any CPU
		Release|Any CPU = Release|Any CPU
	EndGlobalSection
	GlobalSection(ProjectConfigurationPlatforms) = postSolution
		{CBACB7D9-970F-4174-897C-64D2A94D5B84}.Debug|Any CPU.ActiveCfg = Debug|Any CPU
		{CBACB7D9-970F-4174-897C-64D2A94D5B84}.Debug|Any CPU.Build.0 = Debug|Any CPU
		{CBACB7D9-970F-4174-897C-64D2A94D5B84}.Release|Any CPU.ActiveCfg = Release|Any CPU
		{CBACB7D9-970F-4174-897C-64D2A94D5B84}.Release|Any CPU.Build.0 = Release|Any CPU
		{26FA13FD-847A-4AB6-9C7D-7B994CE1B552}.Debug|Any CPU.ActiveCfg = Debug|Any CPU
		{26FA13FD-847A-4AB6-9C7D-7B994CE1B552}.Debug|Any CPU.Build.0 = Debug|Any CPU
		{26FA13FD-847A-4AB6-9C7D-7B994CE1B552}.Release|Any CPU.ActiveCfg = Release|Any CPU
		{26FA13FD-847A-4AB6-9C7D-7B994CE1B552}.Release|Any CPU.Build.0 = Release|Any CPU
		{6F52BA28-279A-4582-BC84-61C5BBA075CF}.Debug|Any CPU.ActiveCfg = Debug|Any CPU
		{6F52BA28-279A-4582-BC84-61C5BBA075CF}.Debug|Any CPU.Build.0 = Debug|Any CPU
		{6F52BA28-279A-4582-BC84-61C5BBA075CF}.Release|Any CPU.ActiveCfg = Release|Any CPU
		{6F52BA28-279A-4582-BC84-61C5BBA075CF}.Release|Any CPU.Build.0 = Release|Any CPU
		{E10D882A-406E-4A1E-9F7E-2FB4C69DB282}.Debug|Any CPU.ActiveCfg = Debug|Any CPU
		{E10D882A-406E-4A1E-9F7E-2FB4C69DB282}.Debug|Any CPU.Build.0 = Debug|Any CPU
		{E10D882A-406E-4A1E-9F7E-2FB4C69DB282}.Release|Any CPU.ActiveCfg = Release|Any CPU
		{E10D882A-406E-4A1E-9F7E-2FB4C69DB282}.Release|Any CPU.Build.0 = Release|Any CPU
		{A6263164-738C-456E-BD50-C02F77A46BCD}.Debug|Any CPU.ActiveCfg = Debug|Any CPU
		{A6263164-738C-456E-BD50-C02F77A46BCD}.Debug|Any CPU.Build.0 = Debug|Any CPU
		{A6263164-738C-456E-BD50-C02F77A46BCD}.Release|Any CPU.ActiveCfg = Release|Any CPU
		{A6263164-738C-456E-BD50-C02F77A46BCD}.Release|Any CPU.Build.0 = Release|Any CPU
	EndGlobalSection
	GlobalSection(SolutionProperties) = preSolution
		HideSolutionNode = FALSE
	EndGlobalSection
	GlobalSection(ExtensibilityGlobals) = postSolution
		SolutionGuid = {BA232240-FCA3-4634-A552-6263B464BA25}
	EndGlobalSection
EndGlobal
